
Microsoft Visual Studio Solution File, Format Version 12.00
# Visual Studio 15
Project("{FAE04EC0-301F-11D3-BF4B-00C04F79EFBC}") = "AspMolk", "AspMolk\AspMolk.csproj", "{1967D6E5-2581-4CFC-9DF5-982F22BF2B07}"
EndProject
Global
	GlobalSection(SolutionConfigurationPlatforms) = preSolution
		Debug|Any CPU = Debug|Any CPU
		Release|Any CPU = Release|Any CPU
	EndGlobalSection
	GlobalSection(ProjectConfigurationPlatforms) = postSolution
		{1967D6E5-2581-4CFC-9DF5-982F22BF2B07}.Debug|Any CPU.ActiveCfg = Debug|Any CPU
		{1967D6E5-2581-4CFC-9DF5-982F22BF2B07}.Debug|Any CPU.Build.0 = Debug|Any CPU
		{1967D6E5-2581-4CFC-9DF5-982F22BF2B07}.Release|Any CPU.ActiveCfg = Release|Any CPU
		{1967D6E5-2581-4CFC-9DF5-982F22BF2B07}.Release|Any CPU.Build.0 = Release|Any CPU
	EndGlobalSection
EndGlobal
